
Microsoft Visual Studio Solution File, Format Version 12.00
# Visual Studio 15
VisualStudioVersion = 15.0.28307.1401
MinimumVisualStudioVersion = 10.0.40219.1
Project("{FAE04EC0-301F-11D3-BF4B-00C04F79EFBC}") = "Triangle", "Triangle\Triangle.csproj", "{10125843-5B9B-4994-9A81-651682BB31C6}"
EndProject
Project("{2150E333-8FDC-42A3-9474-1A3956D46DE8}") = "Solution Items", "Solution Items", "{953D9476-6225-4B5D-A66A-1B6ED567C47F}"
EndProject
Project("{FAE04EC0-301F-11D3-BF4B-00C04F79EFBC}") = "TriangleTest", "TriangleTest\TriangleTest.csproj", "{F8C3152F-EEF4-4279-884B-CE5D84A048E3}"
EndProject
Global
	GlobalSection(SolutionConfigurationPlatforms) = preSolution
		Debug|Any CPU = Debug|Any CPU
		Release|Any CPU = Release|Any CPU
	EndGlobalSection
	GlobalSection(ProjectConfigurationPlatforms) = postSolution
		{10125843-5B9B-4994-9A81-651682BB31C6}.Debug|Any CPU.ActiveCfg = Debug|Any CPU
		{10125843-5B9B-4994-9A81-651682BB31C6}.Debug|Any CPU.Build.0 = Debug|Any CPU
		{10125843-5B9B-4994-9A81-651682BB31C6}.Release|Any CPU.ActiveCfg = Release|Any CPU
		{10125843-5B9B-4994-9A81-651682BB31C6}.Release|Any CPU.Build.0 = Release|Any CPU
		{F8C3152F-EEF4-4279-884B-CE5D84A048E3}.Debug|Any CPU.ActiveCfg = Debug|Any CPU
		{F8C3152F-EEF4-4279-884B-CE5D84A048E3}.Debug|Any CPU.Build.0 = Debug|Any CPU
		{F8C3152F-EEF4-4279-884B-CE5D84A048E3}.Release|Any CPU.ActiveCfg = Release|Any CPU
		{F8C3152F-EEF4-4279-884B-CE5D84A048E3}.Release|Any CPU.Build.0 = Release|Any CPU
	EndGlobalSection
	GlobalSection(SolutionProperties) = preSolution
		HideSolutionNode = FALSE
	EndGlobalSection
	GlobalSection(ExtensibilityGlobals) = postSolution
		SolutionGuid = {48C0566D-5EF7-4AB0-86F9-E777FD192669}
	EndGlobalSection
EndGlobal
